{"1.2.0",
[{<<"gen_cluster">>,{pkg,<<"gen_cluster">>,<<"0.3.0">>},0},
 {<<"gproc">>,{pkg,<<"gproc">>,<<"1.0.0">>},0}]}.
[
{pkg_hash,[
 {<<"gen_cluster">>, <<"F93CA5521D6C07E023212F26C22FE39C3790BB26D7EC875E3C196D5B632626D1">>},
 {<<"gproc">>, <<"AA9EC57F6C9FF065B16D96924168D7C7157CD1FD457680EFE4B1274F456FA500">>}]},
{pkg_hash_ext,[
 {<<"gen_cluster">>, <<"B7C143D2BBA36473A6BBCBA225BB09F9A81FA2FB8619DAB7EEA5CB69CE41DDAB">>},
 {<<"gproc">>, <<"109F253C2787DE8A371A51179D4973230CBEC6239EE673FA12216A5CE7E4F902">>}]}
].
