{"1.1.0",
[{<<"acceptor_pool">>,{pkg,<<"acceptor_pool">>,<<"1.0.0-rc.0">>},2},
 {<<"cf">>,{pkg,<<"cf">>,<<"0.2.2">>},1},
 {<<"erlware_commons">>,{pkg,<<"erlware_commons">>,<<"1.0.0">>},0},
 {<<"gen_flow">>,{pkg,<<"gen_flow">>,<<"0.0.3">>},1},
 {<<"goldrush">>,{pkg,<<"goldrush">>,<<"0.1.9">>},1},
 {<<"gproc">>,{pkg,<<"gproc">>,<<"0.6.1">>},0},
 {<<"lager">>,{pkg,<<"lager">>,<<"3.2.4">>},0},
 {<<"lasp">>,{pkg,<<"lasp">>,<<"0.1.0">>},0},
 {<<"lasp_pg">>,{pkg,<<"lasp_pg">>,<<"0.0.1">>},0},
 {<<"lasp_support">>,{pkg,<<"lasp_support">>,<<"0.0.1">>},1},
 {<<"partisan">>,{pkg,<<"partisan">>,<<"0.2.0">>},1},
 {<<"plumtree">>,{pkg,<<"plumtree">>,<<"0.2.0">>},1},
 {<<"quickrand">>,{pkg,<<"quickrand">>,<<"1.6.0">>},1},
 {<<"rand_compat">>,{pkg,<<"rand_compat">>,<<"0.0.1">>},1},
 {<<"riak_dt">>,{pkg,<<"riak_dt">>,<<"2.1.1">>},2},
 {<<"sbroker">>,{pkg,<<"sbroker">>,<<"1.0.0">>},0},
 {<<"sext">>,{pkg,<<"sext">>,<<"1.4.0">>},1},
 {<<"time_compat">>,{pkg,<<"time_compat">>,<<"0.0.1">>},1},
 {<<"types">>,{pkg,<<"types">>,<<"0.1.1">>},0},
 {<<"uuid">>,{pkg,<<"uuid_erl">>,<<"1.6.0">>},0}]}.
[
{pkg_hash,[
 {<<"acceptor_pool">>, <<"679D741DF87FC13599B1AEF2DF8F78F1F880449A6BEFAB7C44FB6FAE0E92A2DE">>},
 {<<"cf">>, <<"7F2913FFF90ABCABD0F489896CFEB0B0674F6C8DF6C10B17A83175448029896C">>},
 {<<"erlware_commons">>, <<"087467DE5833C0BB5B3CCDD387F9E9C1FB816A75B7A709629BF24B5ED3246C51">>},
 {<<"gen_flow">>, <<"639F5C3F52DC3F7459542DE3F72D5BFF11EB7DB8FB055657A3011F9A70FCF0D7">>},
 {<<"goldrush">>, <<"F06E5D5F1277DA5C413E84D5A2924174182FB108DABB39D5EC548B27424CD106">>},
 {<<"gproc">>, <<"4579663E5677970758A05D8F65D13C3E9814EC707AD51D8DCEF7294EDA1A730C">>},
 {<<"lager">>, <<"A6DEB74DAE7927F46BD13255268308EF03EB206EC784A94EAF7C1C0F3B811615">>},
 {<<"lasp">>, <<"6AAFAE96D3AD581FDED9B278E8F39BE9330FB9DA662D32C1E5F00A8ECCD942A5">>},
 {<<"lasp_pg">>, <<"CA51064ECFBED5A10AED9690D56EBB0A26111979BBC5452E0CAFA5D94A1D0C80">>},
 {<<"lasp_support">>, <<"28E79936E10C5BFB9B8246AC1F4F8385224D4E1E288F318C6D51C42D277A7A6E">>},
 {<<"partisan">>, <<"8E44E20FD2E904D53D8FF2287C1397F71BC9BFF36B4DB6996C207AAFEFBE3ED1">>},
 {<<"plumtree">>, <<"610B850167BE9F89156E04F367091C0B2FE56DEEA8C54D3EC9AB0BF758E622E1">>},
 {<<"quickrand">>, <<"33A277A639C442D77AB5C1EEA4641A49E3F034FD13658BB57E192A6E083FE77D">>},
 {<<"rand_compat">>, <<"624B590931D27252D0BCF710211699DB3695540706F57D2E91B918A17AB58839">>},
 {<<"riak_dt">>, <<"56B1898A543C561994F5D052FDEA972525CA98F46FDB3DCDB7366E4F92EE8F54">>},
 {<<"sbroker">>, <<"28FF1B5E58887C5098539F236307B36FE1D3EDAA2ACFF9D6A3D17C2DCAFEBBD0">>},
 {<<"sext">>, <<"2A9443A90C3164231A5E11C73133C4B1762B27FBF1647AA0DE06EF565C47B38B">>},
 {<<"time_compat">>, <<"23FE0AD1FDF3B5B88821B2D04B4B5E865BF587AE66056D671FE0F53514ED8139">>},
 {<<"types">>, <<"D9A73B6212C9EAA497CCBFC504BC3547A2CBF48137EAE9D54AE50FACC8A9281C">>},
 {<<"uuid">>, <<"1BA81515EEB37EEB7F1563B658E30CDF18BCAF1FD6A390BBF3838461753E69D8">>}]}
].
